Microsoft Visual Studio Solution File, Format Version 12.00
# Visual Studio Version 17
VisualStudioVersion = 17.5.2.0
MinimumVisualStudioVersion = 10.0.40219.1
Project("{FAE04EC0-301F-11D3-BF4B-00C04F79EFBC}") = "CusCraftPlugin", "CusCraftPlugin\CusCraftPlugin.csproj", "{84752D30-1CCE-0B15-1785-AD0254DB1F99}"
EndProject
Global
	GlobalSection(SolutionConfigurationPlatforms) = preSolution
		Debug|Any CPU = Debug|Any CPU
		Release|Any CPU = Release|Any CPU
	EndGlobalSection
	GlobalSection(ProjectConfigurationPlatforms) = postSolution
		{84752D30-1CCE-0B15-1785-AD0254DB1F99}.Debug|Any CPU.ActiveCfg = Debug|Any CPU
		{84752D30-1CCE-0B15-1785-AD0254DB1F99}.Debug|Any CPU.Build.0 = Debug|Any CPU
		{84752D30-1CCE-0B15-1785-AD0254DB1F99}.Release|Any CPU.ActiveCfg = Release|Any CPU
		{84752D30-1CCE-0B15-1785-AD0254DB1F99}.Release|Any CPU.Build.0 = Release|Any CPU
	EndGlobalSection
	GlobalSection(SolutionProperties) = preSolution
		HideSolutionNode = FALSE
	EndGlobalSection
	GlobalSection(ExtensibilityGlobals) = postSolution
		SolutionGuid = {A9B9E8B1-9975-4DA7-B98D-873796A96689}
	EndGlobalSection
EndGlobal
